
Microsoft Visual Studio Solution File, Format Version 12.00
# Visual Studio Version 16
VisualStudioVersion = 16.0.31025.194
MinimumVisualStudioVersion = 10.0.40219.1
Project("{9A19103F-16F7-4668-BE54-9A1E7A4F7556}") = "SD.Car.API", "Test.API\SD.Car.API.csproj", "{3216E053-8591-4035-B512-D78C0BCBD6AF}"
EndProject
Global
	GlobalSection(SolutionConfigurationPlatforms) = preSolution
		Debug|Any CPU = Debug|Any CPU
		Release|Any CPU = Release|Any CPU
	EndGlobalSection
	GlobalSection(ProjectConfigurationPlatforms) = postSolution
		{3216E053-8591-4035-B512-D78C0BCBD6AF}.Debug|Any CPU.ActiveCfg = Debug|Any CPU
		{3216E053-8591-4035-B512-D78C0BCBD6AF}.Debug|Any CPU.Build.0 = Debug|Any CPU
		{3216E053-8591-4035-B512-D78C0BCBD6AF}.Release|Any CPU.ActiveCfg = Release|Any CPU
		{3216E053-8591-4035-B512-D78C0BCBD6AF}.Release|Any CPU.Build.0 = Release|Any CPU
	EndGlobalSection
	GlobalSection(SolutionProperties) = preSolution
		HideSolutionNode = FALSE
	EndGlobalSection
	GlobalSection(ExtensibilityGlobals) = postSolution
		SolutionGuid = {917FF627-51F2-44E2-BEE0-26BFACA5B231}
	EndGlobalSection
EndGlobal
