
Microsoft Visual Studio Solution File, Format Version 12.00
# Visual Studio Version 16
VisualStudioVersion = 16.0.31025.194
MinimumVisualStudioVersion = 10.0.40219.1
Project("{9A19103F-16F7-4668-BE54-9A1E7A4F7556}") = "SD.Car.API", "Car.API\SD.Car.API.csproj", "{98BADB07-B80F-4C62-B9B0-E147194F9F12}"
EndProject
Global
	GlobalSection(SolutionConfigurationPlatforms) = preSolution
		Debug|Any CPU = Debug|Any CPU
		Release|Any CPU = Release|Any CPU
	EndGlobalSection
	GlobalSection(ProjectConfigurationPlatforms) = postSolution
		{98BADB07-B80F-4C62-B9B0-E147194F9F12}.Debug|Any CPU.ActiveCfg = Debug|Any CPU
		{98BADB07-B80F-4C62-B9B0-E147194F9F12}.Debug|Any CPU.Build.0 = Debug|Any CPU
		{98BADB07-B80F-4C62-B9B0-E147194F9F12}.Release|Any CPU.ActiveCfg = Release|Any CPU
		{98BADB07-B80F-4C62-B9B0-E147194F9F12}.Release|Any CPU.Build.0 = Release|Any CPU
	EndGlobalSection
	GlobalSection(SolutionProperties) = preSolution
		HideSolutionNode = FALSE
	EndGlobalSection
	GlobalSection(ExtensibilityGlobals) = postSolution
		SolutionGuid = {917FF627-51F2-44E2-BEE0-26BFACA5B231}
	EndGlobalSection
EndGlobal
